// !$*UTF8*$!
{
	archiveVersion = 1;
	classes = {
	};
	objectVersion = 50;
	objects = {

/* Begin PBXBuildFile section */
		181349F2221F820F003FEBA3 /* AppDelegate.m in Sources */ = {isa = PBXBuildFile; fileRef = 181349F1221F820F003FEBA3 /* AppDelegate.m */; };
		181349FA221F8210003FEBA3 /* Assets.xcassets in Resources */ = {isa = PBXBuildFile; fileRef = 181349F9221F8210003FEBA3 /* Assets.xcassets */; };
		181349FD221F8210003FEBA3 /* LaunchScreen.storyboard in Resources */ = {isa = PBXBuildFile; fileRef = 181349FB221F8210003FEBA3 /* LaunchScreen.storyboard */; };
		18134A00221F8210003FEBA3 /* main.m in Sources */ = {isa = PBXBuildFile; fileRef = 181349FF221F8210003FEBA3 /* main.m */; };
		18134A0A221F8210003FEBA3 /* ameiTests.m in Sources */ = {isa = PBXBuildFile; fileRef = 18134A09221F8210003FEBA3 /* ameiTests.m */; };
		18134A15221F8210003FEBA3 /* ameiUITests.m in Sources */ = {isa = PBXBuildFile; fileRef = 18134A14221F8210003FEBA3 /* ameiUITests.m */; };
		18134A27221F8441003FEBA3 /* MusicListViewController.m in Sources */ = {isa = PBXBuildFile; fileRef = 18134A26221F8441003FEBA3 /* MusicListViewController.m */; };
/* End PBXBuildFile section */

/* Begin PBXContainerItemProxy section */
		18134A06221F8210003FEBA3 /* PBXContainerItemProxy */ = {
			isa = PBXContainerItemProxy;
			containerPortal = 181349E5221F820F003FEBA3 /* Project object */;
			proxyType = 1;
			remoteGlobalIDString = 181349EC221F820F003FEBA3;
			remoteInfo = amei;
		};
		18134A11221F8210003FEBA3 /* PBXContainerItemProxy */ = {
			isa = PBXContainerItemProxy;
			containerPortal = 181349E5221F820F003FEBA3 /* Project object */;
			proxyType = 1;
			remoteGlobalIDString = 181349EC221F820F003FEBA3;
			remoteInfo = amei;
		};
/* End PBXContainerItemProxy section */

/* Begin PBXFileReference section */
		181349ED221F820F003FEBA3 /* amei.app */ = {isa = PBXFileReference; explicitFileType = wrapper.application; includeInIndex = 0; path = amei.app; sourceTree = BUILT_PRODUCTS_DIR; };
		181349F0221F820F003FEBA3 /* AppDelegate.h */ = {isa = PBXFileReference; lastKnownFileType = sourcecode.c.h; path = AppDelegate.h; sourceTree = "<group>"; };
		181349F1221F820F003FEBA3 /* AppDelegate.m */ = {isa = PBXFileReference; lastKnownFileType = sourcecode.c.objc; path = AppDelegate.m; sourceTree = "<group>"; };
		181349F9221F8210003FEBA3 /* Assets.xcassets */ = {isa = PBXFileReference; lastKnownFileType = folder.assetcatalog; path = Assets.xcassets; sourceTree = "<group>"; };
		181349FC221F8210003FEBA3 /* Base */ = {isa = PBXFileReference; lastKnownFileType = file.storyboard; name = Base; path = Base.lproj/LaunchScreen.storyboard; sourceTree = "<group>"; };
		181349FE221F8210003FEBA3 /* Info.plist */ = {isa = PBXFileReference; lastKnownFileType = text.plist.xml; path = Info.plist; sourceTree = "<group>"; };
		181349FF221F8210003FEBA3 /* main.m */ = {isa = PBXFileReference; lastKnownFileType = sourcecode.c.objc; path = main.m; sourceTree = "<group>"; };
		18134A05221F8210003FEBA3 /* ameiTests.xctest */ = {isa = PBXFileReference; explicitFileType = wrapper.cfbundle; includeInIndex = 0; path = ameiTests.xctest; sourceTree = BUILT_PRODUCTS_DIR; };
		18134A09221F8210003FEBA3 /* ameiTests.m */ = {isa = PBXFileReference; lastKnownFileType = sourcecode.c.objc; path = ameiTests.m; sourceTree = "<group>"; };
		18134A0B221F8210003FEBA3 /* Info.plist */ = {isa = PBXFileReference; lastKnownFileType = text.plist.xml; path = Info.plist; sourceTree = "<group>"; };
		18134A10221F8210003FEBA3 /* ameiUITests.xctest */ = {isa = PBXFileReference; explicitFileType = wrapper.cfbundle; includeInIndex = 0; path = ameiUITests.xctest; sourceTree = BUILT_PRODUCTS_DIR; };
		18134A14221F8210003FEBA3 /* ameiUITests.m */ = {isa = PBXFileReference; lastKnownFileType = sourcecode.c.objc; path = ameiUITests.m; sourceTree = "<group>"; };
		18134A16221F8210003FEBA3 /* Info.plist */ = {isa = PBXFileReference; lastKnownFileType = text.plist.xml; path = Info.plist; sourceTree = "<group>"; };
		18134A25221F8441003FEBA3 /* MusicListViewController.h */ = {isa = PBXFileReference; lastKnownFileType = sourcecode.c.h; path = MusicListViewController.h; sourceTree = "<group>"; };
		18134A26221F8441003FEBA3 /* MusicListViewController.m */ = {isa = PBXFileReference; lastKnownFileType = sourcecode.c.objc; path = MusicListViewController.m; sourceTree = "<group>"; };
/* End PBXFileReference section */

/* Begin PBXFrameworksBuildPhase section */
		181349EA221F820F003FEBA3 /* Frameworks */ = {
			isa = PBXFrameworksBuildPhase;
			buildActionMask = 2147483647;
			files = (
			);
			runOnlyForDeploymentPostprocessing = 0;
		};
		18134A02221F8210003FEBA3 /* Frameworks */ = {
			isa = PBXFrameworksBuildPhase;
			buildActionMask = 2147483647;
			files = (
			);
			runOnlyForDeploymentPostprocessing = 0;
		};
		18134A0D221F8210003FEBA3 /* Frameworks */ = {
			isa = PBXFrameworksBuildPhase;
			buildActionMask = 2147483647;
			files = (
			);
			runOnlyForDeploymentPostprocessing = 0;
		};
/* End PBXFrameworksBuildPhase section */

/* Begin PBXGroup section */
		181349E4221F820F003FEBA3 = {
			isa = PBXGroup;
			children = (
				181349EF221F820F003FEBA3 /* amei */,
				18134A08221F8210003FEBA3 /* ameiTests */,
				18134A13221F8210003FEBA3 /* ameiUITests */,
				181349EE221F820F003FEBA3 /* Products */,
			);
			sourceTree = "<group>";
		};
		181349EE221F820F003FEBA3 /* Products */ = {
			isa = PBXGroup;
			children = (
				181349ED221F820F003FEBA3 /* amei.app */,
				18134A05221F8210003FEBA3 /* ameiTests.xctest */,
				18134A10221F8210003FEBA3 /* ameiUITests.xctest */,
			);
			name = Products;
			sourceTree = "<group>";
		};
		181349EF221F820F003FEBA3 /* amei */ = {
			isa = PBXGroup;
			children = (
				18134A24221F824B003FEBA3 /* musicTools */,
				18134A23221F8243003FEBA3 /* musicList */,
				18134A22221F8239003FEBA3 /* musicPlay */,
				181349F0221F820F003FEBA3 /* AppDelegate.h */,
				181349F1221F820F003FEBA3 /* AppDelegate.m */,
				181349F9221F8210003FEBA3 /* Assets.xcassets */,
				181349FB221F8210003FEBA3 /* LaunchScreen.storyboard */,
				181349FE221F8210003FEBA3 /* Info.plist */,
				181349FF221F8210003FEBA3 /* main.m */,
			);
			path = amei;
			sourceTree = "<group>";
		};
		18134A08221F8210003FEBA3 /* ameiTests */ = {
			isa = PBXGroup;
			children = (
				18134A09221F8210003FEBA3 /* ameiTests.m */,
				18134A0B221F8210003FEBA3 /* Info.plist */,
			);
			path = ameiTests;
			sourceTree = "<group>";
		};
		18134A13221F8210003FEBA3 /* ameiUITests */ = {
			isa = PBXGroup;
			children = (
				18134A14221F8210003FEBA3 /* ameiUITests.m */,
				18134A16221F8210003FEBA3 /* Info.plist */,
			);
			path = ameiUITests;
			sourceTree = "<group>";
		};
		18134A22221F8239003FEBA3 /* musicPlay */ = {
			isa = PBXGroup;
			children = (
			);
			path = musicPlay;
			sourceTree = "<group>";
		};
		18134A23221F8243003FEBA3 /* musicList */ = {
			isa = PBXGroup;
			children = (
				18134A25221F8441003FEBA3 /* MusicListViewController.h */,
				18134A26221F8441003FEBA3 /* MusicListViewController.m */,
			);
			path = musicList;
			sourceTree = "<group>";
		};
		18134A24221F824B003FEBA3 /* musicTools */ = {
			isa = PBXGroup;
			children = (
			);
			path = musicTools;
			sourceTree = "<group>";
		};
/* End PBXGroup section */

/* Begin PBXNativeTarget section */
		181349EC221F820F003FEBA3 /* amei */ = {
			isa = PBXNativeTarget;
			buildConfigurationList = 18134A19221F8210003FEBA3 /* Build configuration list for PBXNativeTarget "amei" */;
			buildPhases = (
				181349E9221F820F003FEBA3 /* Sources */,
				181349EA221F820F003FEBA3 /* Frameworks */,
				181349EB221F820F003FEBA3 /* Resources */,
			);
			buildRules = (
			);
			dependencies = (
			);
			name = amei;
			productName = amei;
			productReference = 181349ED221F820F003FEBA3 /* amei.app */;
			productType = "com.apple.product-type.application";
		};
		18134A04221F8210003FEBA3 /* ameiTests */ = {
			isa = PBXNativeTarget;
			buildConfigurationList = 18134A1C221F8210003FEBA3 /* Build configuration list for PBXNativeTarget "ameiTests" */;
			buildPhases = (
				18134A01221F8210003FEBA3 /* Sources */,
				18134A02221F8210003FEBA3 /* Frameworks */,
				18134A03221F8210003FEBA3 /* Resources */,
			);
			buildRules = (
			);
			dependencies = (
				18134A07221F8210003FEBA3 /* PBXTargetDependency */,
			);
			name = ameiTests;
			productName = ameiTests;
			productReference = 18134A05221F8210003FEBA3 /* ameiTests.xctest */;
			productType = "com.apple.product-type.bundle.unit-test";
		};
		18134A0F221F8210003FEBA3 /* ameiUITests */ = {
			isa = PBXNativeTarget;
			buildConfigurationList = 18134A1F221F8210003FEBA3 /* Build configuration list for PBXNativeTarget "ameiUITests" */;
			buildPhases = (
				18134A0C221F8210003FEBA3 /* Sources */,
				18134A0D221F8210003FEBA3 /* Frameworks */,
				18134A0E221F8210003FEBA3 /* Resources */,
			);
			buildRules = (
			);
			dependencies = (
				18134A12221F8210003FEBA3 /* PBXTargetDependency */,
			);
			name = ameiUITests;
			productName = ameiUITests;
			productReference = 18134A10221F8210003FEBA3 /* ameiUITests.xctest */;
			productType = "com.apple.product-type.bundle.ui-testing";
		};
/* End PBXNativeTarget section */

/* Begin PBXProject section */
		181349E5221F820F003FEBA3 /* Project object */ = {
			isa = PBXProject;
			attributes = {
				LastUpgradeCheck = 1010;
				ORGANIZATIONNAME = corzen;
				TargetAttributes = {
					181349EC221F820F003FEBA3 = {
						CreatedOnToolsVersion = 10.1;
					};
					18134A04221F8210003FEBA3 = {
						CreatedOnToolsVersion = 10.1;
						TestTargetID = 181349EC221F820F003FEBA3;
					};
					18134A0F221F8210003FEBA3 = {
						CreatedOnToolsVersion = 10.1;
						TestTargetID = 181349EC221F820F003FEBA3;
					};
				};
			};
			buildConfigurationList = 181349E8221F820F003FEBA3 /* Build configuration list for PBXProject "amei" */;
			compatibilityVersion = "Xcode 9.3";
			developmentRegion = en;
			hasScannedForEncodings = 0;
			knownRegions = (
				en,
				Base,
			);
			mainGroup = 181349E4221F820F003FEBA3;
			productRefGroup = 181349EE221F820F003FEBA3 /* Products */;
			projectDirPath = "";
			projectRoot = "";
			targets = (
				181349EC221F820F003FEBA3 /* amei */,
				18134A04221F8210003FEBA3 /* ameiTests */,
				18134A0F221F8210003FEBA3 /* ameiUITests */,
			);
		};
/* End PBXProject section */

/* Begin PBXResourcesBuildPhase section */
		181349EB221F820F003FEBA3 /* Resources */ = {
			isa = PBXResourcesBuildPhase;
			buildActionMask = 2147483647;
			files = (
				181349FD221F8210003FEBA3 /* LaunchScreen.storyboard in Resources */,
				181349FA221F8210003FEBA3 /* Assets.xcassets in Resources */,
			);
			runOnlyForDeploymentPostprocessing = 0;
		};
		18134A03221F8210003FEBA3 /* Resources */ = {
			isa = PBXResourcesBuildPhase;
			buildActionMask = 2147483647;
			files = (
			);
			runOnlyForDeploymentPostprocessing = 0;
		};
		18134A0E221F8210003FEBA3 /* Resources */ = {
			isa = PBXResourcesBuildPhase;
			buildActionMask = 2147483647;
			files = (
			);
			runOnlyForDeploymentPostprocessing = 0;
		};
/* End PBXResourcesBuildPhase section */

/* Begin PBXSourcesBuildPhase section */
		181349E9221F820F003FEBA3 /* Sources */ = {
			isa = PBXSourcesBuildPhase;
			buildActionMask = 2147483647;
			files = (
				18134A00221F8210003FEBA3 /* main.m in Sources */,
				181349F2221F820F003FEBA3 /* AppDelegate.m in Sources */,
				18134A27221F8441003FEBA3 /* MusicListViewController.m in Sources */,
			);
			runOnlyForDeploymentPostprocessing = 0;
		};
		18134A01221F8210003FEBA3 /* Sources */ = {
			isa = PBXSourcesBuildPhase;
			buildActionMask = 2147483647;
			files = (
				18134A0A221F8210003FEBA3 /* ameiTests.m in Sources */,
			);
			runOnlyForDeploymentPostprocessing = 0;
		};
		18134A0C221F8210003FEBA3 /* Sources */ = {
			isa = PBXSourcesBuildPhase;
			buildActionMask = 2147483647;
			files = (
				18134A15221F8210003FEBA3 /* ameiUITests.m in Sources */,
			);
			runOnlyForDeploymentPostprocessing = 0;
		};
/* End PBXSourcesBuildPhase section */

/* Begin PBXTargetDependency section */
		18134A07221F8210003FEBA3 /* PBXTargetDependency */ = {
			isa = PBXTargetDependency;
			target = 181349EC221F820F003FEBA3 /* amei */;
			targetProxy = 18134A06221F8210003FEBA3 /* PBXContainerItemProxy */;
		};
		18134A12221F8210003FEBA3 /* PBXTargetDependency */ = {
			isa = PBXTargetDependency;
			target = 181349EC221F820F003FEBA3 /* amei */;
			targetProxy = 18134A11221F8210003FEBA3 /* PBXContainerItemProxy */;
		};
/* End PBXTargetDependency section */

/* Begin PBXVariantGroup section */
		181349FB221F8210003FEBA3 /* LaunchScreen.storyboard */ = {
			isa = PBXVariantGroup;
			children = (
				181349FC221F8210003FEBA3 /* Base */,
			);
			name = LaunchScreen.storyboard;
			sourceTree = "<group>";
		};
/* End PBXVariantGroup section */

/* Begin XCBuildConfiguration section */
		18134A17221F8210003FEBA3 /* Debug */ = {
			isa = XCBuildConfiguration;
			buildSettings = {
				ALWAYS_SEARCH_USER_PATHS = NO;
				CLANG_ANALYZER_NONNULL = YES;
				CLANG_ANALYZER_NUMBER_OBJECT_CONVERSION = YES_AGGRESSIVE;
				CLANG_CXX_LANGUAGE_STANDARD = "gnu++14";
				CLANG_CXX_LIBRARY = "libc++";
				CLANG_ENABLE_MODULES = YES;
				CLANG_ENABLE_OBJC_ARC = YES;
				CLANG_ENABLE_OBJC_WEAK = YES;
				CLANG_WARN_BLOCK_CAPTURE_AUTORELEASING = YES;
				CLANG_WARN_BOOL_CONVERSION = YES;
				CLANG_WARN_COMMA = YES;
				CLANG_WARN_CONSTANT_CONVERSION = YES;
				CLANG_WARN_DEPRECATED_OBJC_IMPLEMENTATIONS = YES;
				CLANG_WARN_DIRECT_OBJC_ISA_USAGE = YES_ERROR;
				CLANG_WARN_DOCUMENTATION_COMMENTS = YES;
				CLANG_WARN_EMPTY_BODY = YES;
				CLANG_WARN_ENUM_CONVERSION = YES;
				CLANG_WARN_INFINITE_RECURSION = YES;
				CLANG_WARN_INT_CONVERSION = YES;
				CLANG_WARN_NON_LITERAL_NULL_CONVERSION = YES;
				CLANG_WARN_OBJC_IMPLICIT_RETAIN_SELF = YES;
				CLANG_WARN_OBJC_LITERAL_CONVERSION = YES;
				CLANG_WARN_OBJC_ROOT_CLASS = YES_ERROR;
				CLANG_WARN_RANGE_LOOP_ANALYSIS = YES;
				CLANG_WARN_STRICT_PROTOTYPES = YES;
				CLANG_WARN_SUSPICIOUS_MOVE = YES;
				CLANG_WARN_UNGUARDED_AVAILABILITY = YES_AGGRESSIVE;
				CLANG_WARN_UNREACHABLE_CODE = YES;
				CLANG_WARN__DUPLICATE_METHOD_MATCH = YES;
				CODE_SIGN_IDENTITY = "iPhone Developer";
				COPY_PHASE_STRIP = NO;
				DEBUG_INFORMATION_FORMAT = dwarf;
				ENABLE_STRICT_OBJC_MSGSEND = YES;
				ENABLE_TESTABILITY = YES;
				GCC_C_LANGUAGE_STANDARD = gnu11;
				GCC_DYNAMIC_NO_PIC = NO;
				GCC_NO_COMMON_BLOCKS = YES;
				GCC_OPTIMIZATION_LEVEL = 0;
				GCC_PREPROCESSOR_DEFINITIONS = (
					"DEBUG=1",
					"$(inherited)",
				);
				GCC_WARN_64_TO_32_BIT_CONVERSION = YES;
				GCC_WARN_ABOUT_RETURN_TYPE = YES_ERROR;
				GCC_WARN_UNDECLARED_SELECTOR = YES;
				GCC_WARN_UNINITIALIZED_AUTOS = YES_AGGRESSIVE;
				GCC_WARN_UNUSED_FUNCTION = YES;
				GCC_WARN_UNUSED_VARIABLE = YES;
				IPHONEOS_DEPLOYMENT_TARGET = 12.1;
				MTL_ENABLE_DEBUG_INFO = INCLUDE_SOURCE;
				MTL_FAST_MATH = YES;
				ONLY_ACTIVE_ARCH = YES;
				SDKROOT = iphoneos;
			};
			name = Debug;
		};
		18134A18221F8210003FEBA3 /* Release */ = {
			isa = XCBuildConfiguration;
			buildSettings = {
				ALWAYS_SEARCH_USER_PATHS = NO;
				CLANG_ANALYZER_NONNULL = YES;
				CLANG_ANALYZER_NUMBER_OBJECT_CONVERSION = YES_AGGRESSIVE;
				CLANG_CXX_LANGUAGE_STANDARD = "gnu++14";
				CLANG_CXX_LIBRARY = "libc++";
				CLANG_ENABLE_MODULES = YES;
				CLANG_ENABLE_OBJC_ARC = YES;
				CLANG_ENABLE_OBJC_WEAK = YES;
				CLANG_WARN_BLOCK_CAPTURE_AUTORELEASING = YES;
				CLANG_WARN_BOOL_CONVERSION = YES;
				CLANG_WARN_COMMA = YES;
				CLANG_WARN_CONSTANT_CONVERSION = YES;
				CLANG_WARN_DEPRECATED_OBJC_IMPLEMENTATIONS = YES;
				CLANG_WARN_DIRECT_OBJC_ISA_USAGE = YES_ERROR;
				CLANG_WARN_DOCUMENTATION_COMMENTS = YES;
				CLANG_WARN_EMPTY_BODY = YES;
				CLANG_WARN_ENUM_CONVERSION = YES;
				CLANG_WARN_INFINITE_RECURSION = YES;
				CLANG_WARN_INT_CONVERSION = YES;
				CLANG_WARN_NON_LITERAL_NULL_CONVERSION = YES;
				CLANG_WARN_OBJC_IMPLICIT_RETAIN_SELF = YES;
				CLANG_WARN_OBJC_LITERAL_CONVERSION = YES;
				CLANG_WARN_OBJC_ROOT_CLASS = YES_ERROR;
				CLANG_WARN_RANGE_LOOP_ANALYSIS = YES;
				CLANG_WARN_STRICT_PROTOTYPES = YES;
				CLANG_WARN_SUSPICIOUS_MOVE = YES;
				CLANG_WARN_UNGUARDED_AVAILABILITY = YES_AGGRESSIVE;
				CLANG_WARN_UNREACHABLE_CODE = YES;
				CLANG_WARN__DUPLICATE_METHOD_MATCH = YES;
				CODE_SIGN_IDENTITY = "iPhone Developer";
				COPY_PHASE_STRIP = NO;
				DEBUG_INFORMATION_FORMAT = "dwarf-with-dsym";
				ENABLE_NS_ASSERTIONS = NO;
				ENABLE_STRICT_OBJC_MSGSEND = YES;
				GCC_C_LANGUAGE_STANDARD = gnu11;
				GCC_NO_COMMON_BLOCKS = YES;
				GCC_WARN_64_TO_32_BIT_CONVERSION = YES;
				GCC_WARN_ABOUT_RETURN_TYPE = YES_ERROR;
				GCC_WARN_UNDECLARED_SELECTOR = YES;
				GCC_WARN_UNINITIALIZED_AUTOS = YES_AGGRESSIVE;
				GCC_WARN_UNUSED_FUNCTION = YES;
				GCC_WARN_UNUSED_VARIABLE = YES;
				IPHONEOS_DEPLOYMENT_TARGET = 12.1;
				MTL_ENABLE_DEBUG_INFO = NO;
				MTL_FAST_MATH = YES;
				SDKROOT = iphoneos;
				VALIDATE_PRODUCT = YES;
			};
			name = Release;
		};
		18134A1A221F8210003FEBA3 /* Debug */ = {
			isa = XCBuildConfiguration;
			buildSettings = {
				ASSETCATALOG_COMPILER_APPICON_NAME = AppIcon;
				CODE_SIGN_STYLE = Automatic;
				DEVELOPMENT_TEAM = 56L859Z482;
				INFOPLIST_FILE = amei/Info.plist;
				IPHONEOS_DEPLOYMENT_TARGET = 9.0;
				LD_RUNPATH_SEARCH_PATHS = (
					"$(inherited)",
					"@executable_path/Frameworks",
				);
				PRODUCT_BUNDLE_IDENTIFIER = corzen.amei;
				PRODUCT_NAME = "$(TARGET_NAME)";
				TARGETED_DEVICE_FAMILY = "1,2";
			};
			name = Debug;
		};
		18134A1B221F8210003FEBA3 /* Release */ = {
			isa = XCBuildConfiguration;
			buildSettings = {
				ASSETCATALOG_COMPILER_APPICON_NAME = AppIcon;
				CODE_SIGN_STYLE = Automatic;
				DEVELOPMENT_TEAM = 56L859Z482;
				INFOPLIST_FILE = amei/Info.plist;
				IPHONEOS_DEPLOYMENT_TARGET = 9.0;
				LD_RUNPATH_SEARCH_PATHS = (
					"$(inherited)",
					"@executable_path/Frameworks",
				);
				PRODUCT_BUNDLE_IDENTIFIER = corzen.amei;
				PRODUCT_NAME = "$(TARGET_NAME)";
				TARGETED_DEVICE_FAMILY = "1,2";
			};
			name = Release;
		};
		18134A1D221F8210003FEBA3 /* Debug */ = {
			isa = XCBuildConfiguration;
			buildSettings = {
				BUNDLE_LOADER = "$(TEST_HOST)";
				CODE_SIGN_STYLE = Automatic;
				DEVELOPMENT_TEAM = 56L859Z482;
				INFOPLIST_FILE = ameiTests/Info.plist;
				LD_RUNPATH_SEARCH_PATHS = (
					"$(inherited)",
					"@executable_path/Frameworks",
					"@loader_path/Frameworks",
				);
				PRODUCT_BUNDLE_IDENTIFIER = corzen.ameiTests;
				PRODUCT_NAME = "$(TARGET_NAME)";
				TARGETED_DEVICE_FAMILY = "1,2";
				TEST_HOST = "$(BUILT_PRODUCTS_DIR)/amei.app/amei";
			};
			name = Debug;
		};
		18134A1E221F8210003FEBA3 /* Release */ = {
			isa = XCBuildConfiguration;
			buildSettings = {
				BUNDLE_LOADER = "$(TEST_HOST)";
				CODE_SIGN_STYLE = Automatic;
				DEVELOPMENT_TEAM = 56L859Z482;
				INFOPLIST_FILE = ameiTests/Info.plist;
				LD_RUNPATH_SEARCH_PATHS = (
					"$(inherited)",
					"@executable_path/Frameworks",
					"@loader_path/Frameworks",
				);
				PRODUCT_BUNDLE_IDENTIFIER = corzen.ameiTests;
				PRODUCT_NAME = "$(TARGET_NAME)";
				TARGETED_DEVICE_FAMILY = "1,2";
				TEST_HOST = "$(BUILT_PRODUCTS_DIR)/amei.app/amei";
			};
			name = Release;
		};
		18134A20221F8210003FEBA3 /* Debug */ = {
			isa = XCBuildConfiguration;
			buildSettings = {
				CODE_SIGN_STYLE = Automatic;
				DEVELOPMENT_TEAM = 56L859Z482;
				INFOPLIST_FILE = ameiUITests/Info.plist;
				LD_RUNPATH_SEARCH_PATHS = (
					"$(inherited)",
					"@executable_path/Frameworks",
					"@loader_path/Frameworks",
				);
				PRODUCT_BUNDLE_IDENTIFIER = corzen.ameiUITests;
				PRODUCT_NAME = "$(TARGET_NAME)";
				TARGETED_DEVICE_FAMILY = "1,2";
				TEST_TARGET_NAME = amei;
			};
			name = Debug;
		};
		18134A21221F8210003FEBA3 /* Release */ = {
			isa = XCBuildConfiguration;
			buildSettings = {
				CODE_SIGN_STYLE = Automatic;
				DEVELOPMENT_TEAM = 56L859Z482;
				INFOPLIST_FILE = ameiUITests/Info.plist;
				LD_RUNPATH_SEARCH_PATHS = (
					"$(inherited)",
					"@executable_path/Frameworks",
					"@loader_path/Frameworks",
				);
				PRODUCT_BUNDLE_IDENTIFIER = corzen.ameiUITests;
				PRODUCT_NAME = "$(TARGET_NAME)";
				TARGETED_DEVICE_FAMILY = "1,2";
				TEST_TARGET_NAME = amei;
			};
			name = Release;
		};
/* End XCBuildConfiguration section */

/* Begin XCConfigurationList section */
		181349E8221F820F003FEBA3 /* Build configuration list for PBXProject "amei" */ = {
			isa = XCConfigurationList;
			buildConfigurations = (
				18134A17221F8210003FEBA3 /* Debug */,
				18134A18221F8210003FEBA3 /* Release */,
			);
			defaultConfigurationIsVisible = 0;
			defaultConfigurationName = Release;
		};
		18134A19221F8210003FEBA3 /* Build configuration list for PBXNativeTarget "amei" */ = {
			isa = XCConfigurationList;
			buildConfigurations = (
				18134A1A221F8210003FEBA3 /* Debug */,
				18134A1B221F8210003FEBA3 /* Release */,
			);
			defaultConfigurationIsVisible = 0;
			defaultConfigurationName = Release;
		};
		18134A1C221F8210003FEBA3 /* Build configuration list for PBXNativeTarget "ameiTests" */ = {
			isa = XCConfigurationList;
			buildConfigurations = (
				18134A1D221F8210003FEBA3 /* Debug */,
				18134A1E221F8210003FEBA3 /* Release */,
			);
			defaultConfigurationIsVisible = 0;
			defaultConfigurationName = Release;
		};
		18134A1F221F8210003FEBA3 /* Build configuration list for PBXNativeTarget "ameiUITests" */ = {
			isa = XCConfigurationList;
			buildConfigurations = (
				18134A20221F8210003FEBA3 /* Debug */,
				18134A21221F8210003FEBA3 /* Release */,
			);
			defaultConfigurationIsVisible = 0;
			defaultConfigurationName = Release;
		};
/* End XCConfigurationList section */
	};
	rootObject = 181349E5221F820F003FEBA3 /* Project object */;
}
